{
	"name": "@pintora/core",
	"version": "0.0.1",
	"lockfileVersion": 2,
	"requires": true,
	"packages": {
		"": {
			"name": "@pintora/core",
			"version": "0.0.1",
			"license": "MIT",
			"dependencies": {
				"@antv/matrix-util": "^3.0.4",
				"@types/node": "^14.11.8"
			},
			"devDependencies": {
				"typescript": "4.2.4"
			}
		},
		"node_modules/@antv/matrix-util": {
			"version": "3.0.4",
			"resolved": "https://registry.npmjs.org/@antv/matrix-util/-/matrix-util-3.0.4.tgz",
			"integrity": "sha512-BAPyu6dUliHcQ7fm9hZSGKqkwcjEDVLVAstlHULLvcMZvANHeLXgHEgV7JqcAV/GIhIz8aZChIlzM1ZboiXpYQ==",
			"dependencies": {
				"@antv/util": "^2.0.9",
				"gl-matrix": "^3.3.0",
				"tslib": "^2.0.3"
			}
		},
		"node_modules/@antv/util": {
			"version": "2.0.13",
			"resolved": "https://registry.npmjs.org/@antv/util/-/util-2.0.13.tgz",
			"integrity": "sha512-mfYL7K8XJIeDmal33K+6abr8Yb526YXKg5XQlddNo+X1Doll+gun6HxnbdySoLv21vW4bLkcbVPjqxWl7ZJAFA==",
			"dependencies": {
				"tslib": "^2.0.3"
			}
		},
		"node_modules/@types/node": {
			"version": "14.14.45",
			"resolved": "https://registry.npmjs.org/@types/node/-/node-14.14.45.tgz",
			"integrity": "sha512-DssMqTV9UnnoxDWu959sDLZzfvqCF0qDNRjaWeYSui9xkFe61kKo4l1TWNTQONpuXEm+gLMRvdlzvNHBamzmEw=="
		},
		"node_modules/gl-matrix": {
			"version": "3.3.0",
			"resolved": "https://registry.npmjs.org/gl-matrix/-/gl-matrix-3.3.0.tgz",
			"integrity": "sha512-COb7LDz+SXaHtl/h4LeaFcNdJdAQSDeVqjiIihSXNrkWObZLhDI4hIkZC11Aeqp7bcE72clzB0BnDXr2SmslRA=="
		},
		"node_modules/tslib": {
			"version": "2.2.0",
			"resolved": "https://registry.npmjs.org/tslib/-/tslib-2.2.0.tgz",
			"integrity": "sha512-gS9GVHRU+RGn5KQM2rllAlR3dU6m7AcpJKdtH8gFvQiC4Otgk98XnmMU+nZenHt/+VhnBPWwgrJsyrdcw6i23w=="
		},
		"node_modules/typescript": {
			"version": "4.2.4",
			"resolved": "https://registry.npmjs.org/typescript/-/typescript-4.2.4.tgz",
			"integrity": "sha512-V+evlYHZnQkaz8TRBuxTA92yZBPotr5H+WhQ7bD3hZUndx5tGOa1fuCgeSjxAzM1RiN5IzvadIXTVefuuwZCRg==",
			"dev": true,
			"bin": {
				"tsc": "bin/tsc",
				"tsserver": "bin/tsserver"
			},
			"engines": {
				"node": ">=4.2.0"
			}
		}
	},
	"dependencies": {
		"@antv/matrix-util": {
			"version": "3.0.4",
			"resolved": "https://registry.npmjs.org/@antv/matrix-util/-/matrix-util-3.0.4.tgz",
			"integrity": "sha512-BAPyu6dUliHcQ7fm9hZSGKqkwcjEDVLVAstlHULLvcMZvANHeLXgHEgV7JqcAV/GIhIz8aZChIlzM1ZboiXpYQ==",
			"requires": {
				"@antv/util": "^2.0.9",
				"gl-matrix": "^3.3.0",
				"tslib": "^2.0.3"
			}
		},
		"@antv/util": {
			"version": "2.0.13",
			"resolved": "https://registry.npmjs.org/@antv/util/-/util-2.0.13.tgz",
			"integrity": "sha512-mfYL7K8XJIeDmal33K+6abr8Yb526YXKg5XQlddNo+X1Doll+gun6HxnbdySoLv21vW4bLkcbVPjqxWl7ZJAFA==",
			"requires": {
				"tslib": "^2.0.3"
			}
		},
		"@types/node": {
			"version": "14.14.45",
			"resolved": "https://registry.npmjs.org/@types/node/-/node-14.14.45.tgz",
			"integrity": "sha512-DssMqTV9UnnoxDWu959sDLZzfvqCF0qDNRjaWeYSui9xkFe61kKo4l1TWNTQONpuXEm+gLMRvdlzvNHBamzmEw=="
		},
		"gl-matrix": {
			"version": "3.3.0",
			"resolved": "https://registry.npmjs.org/gl-matrix/-/gl-matrix-3.3.0.tgz",
			"integrity": "sha512-COb7LDz+SXaHtl/h4LeaFcNdJdAQSDeVqjiIihSXNrkWObZLhDI4hIkZC11Aeqp7bcE72clzB0BnDXr2SmslRA=="
		},
		"tslib": {
			"version": "2.2.0",
			"resolved": "https://registry.npmjs.org/tslib/-/tslib-2.2.0.tgz",
			"integrity": "sha512-gS9GVHRU+RGn5KQM2rllAlR3dU6m7AcpJKdtH8gFvQiC4Otgk98XnmMU+nZenHt/+VhnBPWwgrJsyrdcw6i23w=="
		},
		"typescript": {
			"version": "4.2.4",
			"resolved": "https://registry.npmjs.org/typescript/-/typescript-4.2.4.tgz",
			"integrity": "sha512-V+evlYHZnQkaz8TRBuxTA92yZBPotr5H+WhQ7bD3hZUndx5tGOa1fuCgeSjxAzM1RiN5IzvadIXTVefuuwZCRg==",
			"dev": true
		}
	}
}
