{
	"name": "@pintora/renderer",
	"version": "0.0.1",
	"lockfileVersion": 2,
	"requires": true,
	"packages": {
		"": {
			"name": "@pintora/renderer",
			"version": "0.0.1",
			"license": "MIT",
			"dependencies": {
				"@antv/g-canvas": "^0.5.10",
				"@antv/g-svg": "^0.5.6",
				"@types/node": "^14.11.8",
				"g-node-canvas": "file:///Users/hikerpig/projects/g/packages/g-node-canvas"
			},
			"devDependencies": {
				"typescript": "4.2.4"
			}
		},
		"../../../../projects/g/packages/g-node-canvas": {
			"version": "0.5.10",
			"license": "ISC",
			"dependencies": {
				"@antv/g-base": "^0.5.3",
				"@antv/g-canvas": "*",
				"@antv/g-math": "^0.1.6",
				"@antv/matrix-util": "^3.1.0-beta.1",
				"@antv/path-util": "~2.0.5",
				"@antv/util": "~2.0.0",
				"gl-matrix": "^3.0.0",
				"skia-canvas": "*",
				"tslib": "^2.0.3"
			},
			"devDependencies": {
				"@antv/torch": "^1.0.0",
				"@types/skia-canvas": "*",
				"less": "^4.1.1",
				"npm-run-all": "^4.1.5",
				"webpack": "^4.26.1",
				"webpack-cli": "^4.5.0"
			}
		},
		"node_modules/@antv/event-emitter": {
			"version": "0.1.2",
			"resolved": "https://registry.npmjs.org/@antv/event-emitter/-/event-emitter-0.1.2.tgz",
			"integrity": "sha512-6C6NJOdoNVptCr5y9BVOhKkCgW7LFs/SpcRyAExUeSjAm0zJqcqNkSIRGsXYhj4PJI+CZICHzGwwiSnIsE68Ug=="
		},
		"node_modules/@antv/g-base": {
			"version": "0.5.9",
			"resolved": "https://registry.npmjs.org/@antv/g-base/-/g-base-0.5.9.tgz",
			"integrity": "sha512-IAzuCLRmz9cKCWUKR3cKWgLZ/6OQYpTCIOgxAP8Bc+HRw0mu8iC3OTz+tWKGv9L8unpvCvpQd1H+OTTjdg/TpQ==",
			"dependencies": {
				"@antv/event-emitter": "^0.1.1",
				"@antv/g-math": "^0.1.6",
				"@antv/matrix-util": "^3.1.0-beta.1",
				"@antv/path-util": "~2.0.5",
				"@antv/util": "~2.0.0",
				"@types/d3-timer": "^2.0.0",
				"d3-ease": "^1.0.5",
				"d3-interpolate": "^1.3.2",
				"d3-timer": "^1.0.9",
				"detect-browser": "^5.1.0",
				"tslib": "^2.0.3"
			}
		},
		"node_modules/@antv/g-base/node_modules/@antv/util": {
			"version": "2.0.13",
			"resolved": "https://registry.npmjs.org/@antv/util/-/util-2.0.13.tgz",
			"integrity": "sha512-mfYL7K8XJIeDmal33K+6abr8Yb526YXKg5XQlddNo+X1Doll+gun6HxnbdySoLv21vW4bLkcbVPjqxWl7ZJAFA==",
			"dependencies": {
				"tslib": "^2.0.3"
			}
		},
		"node_modules/@antv/g-base/node_modules/d3-interpolate": {
			"version": "1.4.0",
			"resolved": "https://registry.npmjs.org/d3-interpolate/-/d3-interpolate-1.4.0.tgz",
			"integrity": "sha512-V9znK0zc3jOPV4VD2zZn0sDhZU3WAE2bmlxdIwwQPPzPjvyLkd8B3JUVdS1IDUFDkWZ72c9qnv1GK2ZagTZ8EA==",
			"dependencies": {
				"d3-color": "1"
			}
		},
		"node_modules/@antv/g-canvas": {
			"version": "0.5.10",
			"resolved": "https://registry.npmjs.org/@antv/g-canvas/-/g-canvas-0.5.10.tgz",
			"integrity": "sha512-U454VM7TlO/y1fYP9B9Fbj4QCl/CjQDxaCAHzg8SKq5FecSUseh7Gjliv4YMb3QAb9UCaNx0RUpobUCFBZgLhg==",
			"dependencies": {
				"@antv/g-base": "^0.5.3",
				"@antv/g-math": "^0.1.6",
				"@antv/matrix-util": "^3.1.0-beta.1",
				"@antv/path-util": "~2.0.5",
				"@antv/util": "~2.0.0",
				"gl-matrix": "^3.0.0",
				"tslib": "^2.0.3"
			}
		},
		"node_modules/@antv/g-canvas/node_modules/@antv/util": {
			"version": "2.0.13",
			"resolved": "https://registry.npmjs.org/@antv/util/-/util-2.0.13.tgz",
			"integrity": "sha512-mfYL7K8XJIeDmal33K+6abr8Yb526YXKg5XQlddNo+X1Doll+gun6HxnbdySoLv21vW4bLkcbVPjqxWl7ZJAFA==",
			"dependencies": {
				"tslib": "^2.0.3"
			}
		},
		"node_modules/@antv/g-math": {
			"version": "0.1.7",
			"resolved": "https://registry.npmjs.org/@antv/g-math/-/g-math-0.1.7.tgz",
			"integrity": "sha512-xGyXaloD1ynfp7gS4VuV+MjSptZIwHvLHr8ekXJSFAeWPYLu84yOW2wOZHDdp1bzDAIuRv6xDBW58YGHrWsFcA==",
			"dependencies": {
				"@antv/util": "~2.0.0",
				"gl-matrix": "^3.0.0"
			}
		},
		"node_modules/@antv/g-math/node_modules/@antv/util": {
			"version": "2.0.13",
			"resolved": "https://registry.npmjs.org/@antv/util/-/util-2.0.13.tgz",
			"integrity": "sha512-mfYL7K8XJIeDmal33K+6abr8Yb526YXKg5XQlddNo+X1Doll+gun6HxnbdySoLv21vW4bLkcbVPjqxWl7ZJAFA==",
			"dependencies": {
				"tslib": "^2.0.3"
			}
		},
		"node_modules/@antv/g-svg": {
			"version": "0.5.6",
			"resolved": "https://registry.npmjs.org/@antv/g-svg/-/g-svg-0.5.6.tgz",
			"integrity": "sha512-Xve1EUGk4HMbl2nq4ozR4QLh6GyoZ8Xw/+9kHYI4B5P2lIUQU95MuRsaLFfW5NNpZDx85ZeH97tqEmC9L96E7A==",
			"dependencies": {
				"@antv/g-base": "^0.5.3",
				"@antv/g-math": "^0.1.6",
				"@antv/util": "~2.0.0",
				"detect-browser": "^5.0.0",
				"tslib": "^2.0.3"
			}
		},
		"node_modules/@antv/g-svg/node_modules/@antv/util": {
			"version": "2.0.13",
			"resolved": "https://registry.npmjs.org/@antv/util/-/util-2.0.13.tgz",
			"integrity": "sha512-mfYL7K8XJIeDmal33K+6abr8Yb526YXKg5XQlddNo+X1Doll+gun6HxnbdySoLv21vW4bLkcbVPjqxWl7ZJAFA==",
			"dependencies": {
				"tslib": "^2.0.3"
			}
		},
		"node_modules/@antv/matrix-util": {
			"version": "3.1.0-beta.2",
			"resolved": "https://registry.npmjs.org/@antv/matrix-util/-/matrix-util-3.1.0-beta.2.tgz",
			"integrity": "sha512-Efwp0ZHxVDK/8RUa/RRWN7HKFHJmjn7Oq5HaNBbCmsxd7JTla3Zsoq1AZrjWMDlq0lplo77urclwI+XIW8NEHw==",
			"dependencies": {
				"@antv/util": "^2.0.9",
				"gl-matrix": "^3.3.0",
				"tslib": "^1.10.0"
			}
		},
		"node_modules/@antv/matrix-util/node_modules/@antv/util": {
			"version": "2.0.13",
			"resolved": "https://registry.npmjs.org/@antv/util/-/util-2.0.13.tgz",
			"integrity": "sha512-mfYL7K8XJIeDmal33K+6abr8Yb526YXKg5XQlddNo+X1Doll+gun6HxnbdySoLv21vW4bLkcbVPjqxWl7ZJAFA==",
			"dependencies": {
				"tslib": "^2.0.3"
			}
		},
		"node_modules/@antv/matrix-util/node_modules/@antv/util/node_modules/tslib": {
			"version": "2.2.0",
			"resolved": "https://registry.npmjs.org/tslib/-/tslib-2.2.0.tgz",
			"integrity": "sha512-gS9GVHRU+RGn5KQM2rllAlR3dU6m7AcpJKdtH8gFvQiC4Otgk98XnmMU+nZenHt/+VhnBPWwgrJsyrdcw6i23w=="
		},
		"node_modules/@antv/matrix-util/node_modules/tslib": {
			"version": "1.14.1",
			"resolved": "https://registry.npmjs.org/tslib/-/tslib-1.14.1.tgz",
			"integrity": "sha512-Xni35NKzjgMrwevysHTCArtLDpPvye8zV/0E4EyYn43P7/7qvQwPh9BGkHewbMulVntbigmcT7rdX3BNo9wRJg=="
		},
		"node_modules/@antv/path-util": {
			"version": "2.0.9",
			"resolved": "https://registry.npmjs.org/@antv/path-util/-/path-util-2.0.9.tgz",
			"integrity": "sha512-kunEz4dNheQMVn4rVFsoBDx+n9Knfi3uRLvDk9SojZAqpninsjFhdoiYtbExwJGz1FYGtiV10Y6N1tp73kZFcg==",
			"dependencies": {
				"@antv/util": "^2.0.9",
				"tslib": "^2.0.3"
			}
		},
		"node_modules/@antv/path-util/node_modules/@antv/util": {
			"version": "2.0.13",
			"resolved": "https://registry.npmjs.org/@antv/util/-/util-2.0.13.tgz",
			"integrity": "sha512-mfYL7K8XJIeDmal33K+6abr8Yb526YXKg5XQlddNo+X1Doll+gun6HxnbdySoLv21vW4bLkcbVPjqxWl7ZJAFA==",
			"dependencies": {
				"tslib": "^2.0.3"
			}
		},
		"node_modules/@types/d3-timer": {
			"version": "2.0.0",
			"resolved": "https://registry.npmjs.org/@types/d3-timer/-/d3-timer-2.0.0.tgz",
			"integrity": "sha512-l6stHr1VD1BWlW6u3pxrjLtJfpPZq9I3XmKIQtq7zHM/s6fwEtI1Yn6Sr5/jQTrUDCC5jkS6gWqlFGCDArDqNg=="
		},
		"node_modules/@types/node": {
			"version": "14.14.45",
			"resolved": "https://registry.npmjs.org/@types/node/-/node-14.14.45.tgz",
			"integrity": "sha512-DssMqTV9UnnoxDWu959sDLZzfvqCF0qDNRjaWeYSui9xkFe61kKo4l1TWNTQONpuXEm+gLMRvdlzvNHBamzmEw=="
		},
		"node_modules/d3-color": {
			"version": "1.4.1",
			"resolved": "https://registry.npmjs.org/d3-color/-/d3-color-1.4.1.tgz",
			"integrity": "sha512-p2sTHSLCJI2QKunbGb7ocOh7DgTAn8IrLx21QRc/BSnodXM4sv6aLQlnfpvehFMLZEfBc6g9pH9SWQccFYfJ9Q=="
		},
		"node_modules/d3-ease": {
			"version": "1.0.7",
			"resolved": "https://registry.npmjs.org/d3-ease/-/d3-ease-1.0.7.tgz",
			"integrity": "sha512-lx14ZPYkhNx0s/2HX5sLFUI3mbasHjSSpwO/KaaNACweVwxUruKyWVcb293wMv1RqTPZyZ8kSZ2NogUZNcLOFQ=="
		},
		"node_modules/d3-timer": {
			"version": "1.0.10",
			"resolved": "https://registry.npmjs.org/d3-timer/-/d3-timer-1.0.10.tgz",
			"integrity": "sha512-B1JDm0XDaQC+uvo4DT79H0XmBskgS3l6Ve+1SBCfxgmtIb1AVrPIoqd+nPSv+loMX8szQ0sVUhGngL7D5QPiXw=="
		},
		"node_modules/detect-browser": {
			"version": "5.2.0",
			"resolved": "https://registry.npmjs.org/detect-browser/-/detect-browser-5.2.0.tgz",
			"integrity": "sha512-tr7XntDAu50BVENgQfajMLzacmSe34D+qZc4zjnniz0ZVuw/TZcLcyxHQjYpJTM36sGEkZZlYLnIM1hH7alTMA=="
		},
		"node_modules/g-node-canvas": {
			"resolved": "../../../../projects/g/packages/g-node-canvas",
			"link": true
		},
		"node_modules/gl-matrix": {
			"version": "3.3.0",
			"resolved": "https://registry.npmjs.org/gl-matrix/-/gl-matrix-3.3.0.tgz",
			"integrity": "sha512-COb7LDz+SXaHtl/h4LeaFcNdJdAQSDeVqjiIihSXNrkWObZLhDI4hIkZC11Aeqp7bcE72clzB0BnDXr2SmslRA=="
		},
		"node_modules/tslib": {
			"version": "2.2.0",
			"resolved": "https://registry.npmjs.org/tslib/-/tslib-2.2.0.tgz",
			"integrity": "sha512-gS9GVHRU+RGn5KQM2rllAlR3dU6m7AcpJKdtH8gFvQiC4Otgk98XnmMU+nZenHt/+VhnBPWwgrJsyrdcw6i23w=="
		},
		"node_modules/typescript": {
			"version": "4.2.4",
			"resolved": "https://registry.npmjs.org/typescript/-/typescript-4.2.4.tgz",
			"integrity": "sha512-V+evlYHZnQkaz8TRBuxTA92yZBPotr5H+WhQ7bD3hZUndx5tGOa1fuCgeSjxAzM1RiN5IzvadIXTVefuuwZCRg==",
			"dev": true,
			"bin": {
				"tsc": "bin/tsc",
				"tsserver": "bin/tsserver"
			},
			"engines": {
				"node": ">=4.2.0"
			}
		}
	},
	"dependencies": {
		"@antv/event-emitter": {
			"version": "0.1.2",
			"resolved": "https://registry.npmjs.org/@antv/event-emitter/-/event-emitter-0.1.2.tgz",
			"integrity": "sha512-6C6NJOdoNVptCr5y9BVOhKkCgW7LFs/SpcRyAExUeSjAm0zJqcqNkSIRGsXYhj4PJI+CZICHzGwwiSnIsE68Ug=="
		},
		"@antv/g-base": {
			"version": "0.5.9",
			"resolved": "https://registry.npmjs.org/@antv/g-base/-/g-base-0.5.9.tgz",
			"integrity": "sha512-IAzuCLRmz9cKCWUKR3cKWgLZ/6OQYpTCIOgxAP8Bc+HRw0mu8iC3OTz+tWKGv9L8unpvCvpQd1H+OTTjdg/TpQ==",
			"requires": {
				"@antv/event-emitter": "^0.1.1",
				"@antv/g-math": "^0.1.6",
				"@antv/matrix-util": "^3.1.0-beta.1",
				"@antv/path-util": "~2.0.5",
				"@antv/util": "~2.0.0",
				"@types/d3-timer": "^2.0.0",
				"d3-ease": "^1.0.5",
				"d3-interpolate": "^1.3.2",
				"d3-timer": "^1.0.9",
				"detect-browser": "^5.1.0",
				"tslib": "^2.0.3"
			},
			"dependencies": {
				"@antv/util": {
					"version": "2.0.13",
					"resolved": "https://registry.npmjs.org/@antv/util/-/util-2.0.13.tgz",
					"integrity": "sha512-mfYL7K8XJIeDmal33K+6abr8Yb526YXKg5XQlddNo+X1Doll+gun6HxnbdySoLv21vW4bLkcbVPjqxWl7ZJAFA==",
					"requires": {
						"tslib": "^2.0.3"
					}
				},
				"d3-interpolate": {
					"version": "1.4.0",
					"resolved": "https://registry.npmjs.org/d3-interpolate/-/d3-interpolate-1.4.0.tgz",
					"integrity": "sha512-V9znK0zc3jOPV4VD2zZn0sDhZU3WAE2bmlxdIwwQPPzPjvyLkd8B3JUVdS1IDUFDkWZ72c9qnv1GK2ZagTZ8EA==",
					"requires": {
						"d3-color": "1"
					}
				}
			}
		},
		"@antv/g-canvas": {
			"version": "0.5.10",
			"resolved": "https://registry.npmjs.org/@antv/g-canvas/-/g-canvas-0.5.10.tgz",
			"integrity": "sha512-U454VM7TlO/y1fYP9B9Fbj4QCl/CjQDxaCAHzg8SKq5FecSUseh7Gjliv4YMb3QAb9UCaNx0RUpobUCFBZgLhg==",
			"requires": {
				"@antv/g-base": "^0.5.3",
				"@antv/g-math": "^0.1.6",
				"@antv/matrix-util": "^3.1.0-beta.1",
				"@antv/path-util": "~2.0.5",
				"@antv/util": "~2.0.0",
				"gl-matrix": "^3.0.0",
				"tslib": "^2.0.3"
			},
			"dependencies": {
				"@antv/util": {
					"version": "2.0.13",
					"resolved": "https://registry.npmjs.org/@antv/util/-/util-2.0.13.tgz",
					"integrity": "sha512-mfYL7K8XJIeDmal33K+6abr8Yb526YXKg5XQlddNo+X1Doll+gun6HxnbdySoLv21vW4bLkcbVPjqxWl7ZJAFA==",
					"requires": {
						"tslib": "^2.0.3"
					}
				}
			}
		},
		"@antv/g-math": {
			"version": "0.1.7",
			"resolved": "https://registry.npmjs.org/@antv/g-math/-/g-math-0.1.7.tgz",
			"integrity": "sha512-xGyXaloD1ynfp7gS4VuV+MjSptZIwHvLHr8ekXJSFAeWPYLu84yOW2wOZHDdp1bzDAIuRv6xDBW58YGHrWsFcA==",
			"requires": {
				"@antv/util": "~2.0.0",
				"gl-matrix": "^3.0.0"
			},
			"dependencies": {
				"@antv/util": {
					"version": "2.0.13",
					"resolved": "https://registry.npmjs.org/@antv/util/-/util-2.0.13.tgz",
					"integrity": "sha512-mfYL7K8XJIeDmal33K+6abr8Yb526YXKg5XQlddNo+X1Doll+gun6HxnbdySoLv21vW4bLkcbVPjqxWl7ZJAFA==",
					"requires": {
						"tslib": "^2.0.3"
					}
				}
			}
		},
		"@antv/g-svg": {
			"version": "0.5.6",
			"resolved": "https://registry.npmjs.org/@antv/g-svg/-/g-svg-0.5.6.tgz",
			"integrity": "sha512-Xve1EUGk4HMbl2nq4ozR4QLh6GyoZ8Xw/+9kHYI4B5P2lIUQU95MuRsaLFfW5NNpZDx85ZeH97tqEmC9L96E7A==",
			"requires": {
				"@antv/g-base": "^0.5.3",
				"@antv/g-math": "^0.1.6",
				"@antv/util": "~2.0.0",
				"detect-browser": "^5.0.0",
				"tslib": "^2.0.3"
			},
			"dependencies": {
				"@antv/util": {
					"version": "2.0.13",
					"resolved": "https://registry.npmjs.org/@antv/util/-/util-2.0.13.tgz",
					"integrity": "sha512-mfYL7K8XJIeDmal33K+6abr8Yb526YXKg5XQlddNo+X1Doll+gun6HxnbdySoLv21vW4bLkcbVPjqxWl7ZJAFA==",
					"requires": {
						"tslib": "^2.0.3"
					}
				}
			}
		},
		"@antv/matrix-util": {
			"version": "3.1.0-beta.2",
			"resolved": "https://registry.npmjs.org/@antv/matrix-util/-/matrix-util-3.1.0-beta.2.tgz",
			"integrity": "sha512-Efwp0ZHxVDK/8RUa/RRWN7HKFHJmjn7Oq5HaNBbCmsxd7JTla3Zsoq1AZrjWMDlq0lplo77urclwI+XIW8NEHw==",
			"requires": {
				"@antv/util": "^2.0.9",
				"gl-matrix": "^3.3.0",
				"tslib": "^1.10.0"
			},
			"dependencies": {
				"@antv/util": {
					"version": "2.0.13",
					"resolved": "https://registry.npmjs.org/@antv/util/-/util-2.0.13.tgz",
					"integrity": "sha512-mfYL7K8XJIeDmal33K+6abr8Yb526YXKg5XQlddNo+X1Doll+gun6HxnbdySoLv21vW4bLkcbVPjqxWl7ZJAFA==",
					"requires": {
						"tslib": "^2.0.3"
					},
					"dependencies": {
						"tslib": {
							"version": "2.2.0",
							"resolved": "https://registry.npmjs.org/tslib/-/tslib-2.2.0.tgz",
							"integrity": "sha512-gS9GVHRU+RGn5KQM2rllAlR3dU6m7AcpJKdtH8gFvQiC4Otgk98XnmMU+nZenHt/+VhnBPWwgrJsyrdcw6i23w=="
						}
					}
				},
				"tslib": {
					"version": "1.14.1",
					"resolved": "https://registry.npmjs.org/tslib/-/tslib-1.14.1.tgz",
					"integrity": "sha512-Xni35NKzjgMrwevysHTCArtLDpPvye8zV/0E4EyYn43P7/7qvQwPh9BGkHewbMulVntbigmcT7rdX3BNo9wRJg=="
				}
			}
		},
		"@antv/path-util": {
			"version": "2.0.9",
			"resolved": "https://registry.npmjs.org/@antv/path-util/-/path-util-2.0.9.tgz",
			"integrity": "sha512-kunEz4dNheQMVn4rVFsoBDx+n9Knfi3uRLvDk9SojZAqpninsjFhdoiYtbExwJGz1FYGtiV10Y6N1tp73kZFcg==",
			"requires": {
				"@antv/util": "^2.0.9",
				"tslib": "^2.0.3"
			},
			"dependencies": {
				"@antv/util": {
					"version": "2.0.13",
					"resolved": "https://registry.npmjs.org/@antv/util/-/util-2.0.13.tgz",
					"integrity": "sha512-mfYL7K8XJIeDmal33K+6abr8Yb526YXKg5XQlddNo+X1Doll+gun6HxnbdySoLv21vW4bLkcbVPjqxWl7ZJAFA==",
					"requires": {
						"tslib": "^2.0.3"
					}
				}
			}
		},
		"@types/d3-timer": {
			"version": "2.0.0",
			"resolved": "https://registry.npmjs.org/@types/d3-timer/-/d3-timer-2.0.0.tgz",
			"integrity": "sha512-l6stHr1VD1BWlW6u3pxrjLtJfpPZq9I3XmKIQtq7zHM/s6fwEtI1Yn6Sr5/jQTrUDCC5jkS6gWqlFGCDArDqNg=="
		},
		"@types/node": {
			"version": "14.14.45",
			"resolved": "https://registry.npmjs.org/@types/node/-/node-14.14.45.tgz",
			"integrity": "sha512-DssMqTV9UnnoxDWu959sDLZzfvqCF0qDNRjaWeYSui9xkFe61kKo4l1TWNTQONpuXEm+gLMRvdlzvNHBamzmEw=="
		},
		"d3-color": {
			"version": "1.4.1",
			"resolved": "https://registry.npmjs.org/d3-color/-/d3-color-1.4.1.tgz",
			"integrity": "sha512-p2sTHSLCJI2QKunbGb7ocOh7DgTAn8IrLx21QRc/BSnodXM4sv6aLQlnfpvehFMLZEfBc6g9pH9SWQccFYfJ9Q=="
		},
		"d3-ease": {
			"version": "1.0.7",
			"resolved": "https://registry.npmjs.org/d3-ease/-/d3-ease-1.0.7.tgz",
			"integrity": "sha512-lx14ZPYkhNx0s/2HX5sLFUI3mbasHjSSpwO/KaaNACweVwxUruKyWVcb293wMv1RqTPZyZ8kSZ2NogUZNcLOFQ=="
		},
		"d3-timer": {
			"version": "1.0.10",
			"resolved": "https://registry.npmjs.org/d3-timer/-/d3-timer-1.0.10.tgz",
			"integrity": "sha512-B1JDm0XDaQC+uvo4DT79H0XmBskgS3l6Ve+1SBCfxgmtIb1AVrPIoqd+nPSv+loMX8szQ0sVUhGngL7D5QPiXw=="
		},
		"detect-browser": {
			"version": "5.2.0",
			"resolved": "https://registry.npmjs.org/detect-browser/-/detect-browser-5.2.0.tgz",
			"integrity": "sha512-tr7XntDAu50BVENgQfajMLzacmSe34D+qZc4zjnniz0ZVuw/TZcLcyxHQjYpJTM36sGEkZZlYLnIM1hH7alTMA=="
		},
		"g-node-canvas": {
			"version": "file:../../../../projects/g/packages/g-node-canvas",
			"requires": {
				"@antv/g-base": "^0.5.3",
				"@antv/g-canvas": "*",
				"@antv/g-math": "^0.1.6",
				"@antv/matrix-util": "^3.1.0-beta.1",
				"@antv/path-util": "~2.0.5",
				"@antv/torch": "^1.0.0",
				"@antv/util": "~2.0.0",
				"@types/skia-canvas": "*",
				"gl-matrix": "^3.0.0",
				"less": "^4.1.1",
				"npm-run-all": "^4.1.5",
				"skia-canvas": "*",
				"tslib": "^2.0.3",
				"webpack": "^4.26.1",
				"webpack-cli": "^4.5.0"
			}
		},
		"gl-matrix": {
			"version": "3.3.0",
			"resolved": "https://registry.npmjs.org/gl-matrix/-/gl-matrix-3.3.0.tgz",
			"integrity": "sha512-COb7LDz+SXaHtl/h4LeaFcNdJdAQSDeVqjiIihSXNrkWObZLhDI4hIkZC11Aeqp7bcE72clzB0BnDXr2SmslRA=="
		},
		"tslib": {
			"version": "2.2.0",
			"resolved": "https://registry.npmjs.org/tslib/-/tslib-2.2.0.tgz",
			"integrity": "sha512-gS9GVHRU+RGn5KQM2rllAlR3dU6m7AcpJKdtH8gFvQiC4Otgk98XnmMU+nZenHt/+VhnBPWwgrJsyrdcw6i23w=="
		},
		"typescript": {
			"version": "4.2.4",
			"resolved": "https://registry.npmjs.org/typescript/-/typescript-4.2.4.tgz",
			"integrity": "sha512-V+evlYHZnQkaz8TRBuxTA92yZBPotr5H+WhQ7bD3hZUndx5tGOa1fuCgeSjxAzM1RiN5IzvadIXTVefuuwZCRg==",
			"dev": true
		}
	}
}
