{
	"name": "@pintora/diagrams",
	"version": "0.0.1",
	"lockfileVersion": 2,
	"requires": true,
	"packages": {
		"": {
			"name": "@pintora/diagrams",
			"version": "0.0.1",
			"license": "MIT",
			"dependencies": {
				"@types/node": "^14.11.8"
			},
			"devDependencies": {
				"typescript": "4.2.4"
			}
		},
		"node_modules/@types/node": {
			"version": "14.14.45",
			"resolved": "https://registry.npmjs.org/@types/node/-/node-14.14.45.tgz",
			"integrity": "sha512-DssMqTV9UnnoxDWu959sDLZzfvqCF0qDNRjaWeYSui9xkFe61kKo4l1TWNTQONpuXEm+gLMRvdlzvNHBamzmEw=="
		},
		"node_modules/typescript": {
			"version": "4.2.4",
			"resolved": "https://registry.npmjs.org/typescript/-/typescript-4.2.4.tgz",
			"integrity": "sha512-V+evlYHZnQkaz8TRBuxTA92yZBPotr5H+WhQ7bD3hZUndx5tGOa1fuCgeSjxAzM1RiN5IzvadIXTVefuuwZCRg==",
			"dev": true,
			"bin": {
				"tsc": "bin/tsc",
				"tsserver": "bin/tsserver"
			},
			"engines": {
				"node": ">=4.2.0"
			}
		}
	},
	"dependencies": {
		"@types/node": {
			"version": "14.14.45",
			"resolved": "https://registry.npmjs.org/@types/node/-/node-14.14.45.tgz",
			"integrity": "sha512-DssMqTV9UnnoxDWu959sDLZzfvqCF0qDNRjaWeYSui9xkFe61kKo4l1TWNTQONpuXEm+gLMRvdlzvNHBamzmEw=="
		},
		"typescript": {
			"version": "4.2.4",
			"resolved": "https://registry.npmjs.org/typescript/-/typescript-4.2.4.tgz",
			"integrity": "sha512-V+evlYHZnQkaz8TRBuxTA92yZBPotr5H+WhQ7bD3hZUndx5tGOa1fuCgeSjxAzM1RiN5IzvadIXTVefuuwZCRg==",
			"dev": true
		}
	}
}
